
Microsoft Visual Studio Solution File, Format Version 12.00
# Visual Studio 2013
VisualStudioVersion = 12.0.30825.0
MinimumVisualStudioVersion = 10.0.40219.1
Project("{2150E333-8FDC-42A3-9474-1A3956D46DE8}") = "Documents", "Documents", "{0E7C1F97-F1B9-451D-8AD3-6891DF159B1E}"
	ProjectSection(SolutionItems) = preProject
		Documents\Logs&ToDo's.txt = Documents\Logs&ToDo's.txt
	EndProjectSection
EndProject
Project("{2150E333-8FDC-42A3-9474-1A3956D46DE8}") = "Common", "Common", "{17310B17-E934-4828-9C8E-023887308694}"
EndProject
Project("{FAE04EC0-301F-11D3-BF4B-00C04F79EFBC}") = "Debugger", "PersianCommon\Debugger\Debugger.csproj", "{33431DE8-9E53-4102-9CAC-6741FFA8AF89}"
EndProject
Project("{FAE04EC0-301F-11D3-BF4B-00C04F79EFBC}") = "KinectLibrary", "PersianCommon\KinectLibrary\KinectLibrary.csproj", "{69478486-49F5-4AE2-9727-8202CD517F36}"
EndProject
Project("{FAE04EC0-301F-11D3-BF4B-00C04F79EFBC}") = "PersianBase", "PersianCommon\PersianBase\PersianBase.csproj", "{4DAC0A34-684C-4EAC-9083-55BAB8CED715}"
EndProject
Project("{FAE04EC0-301F-11D3-BF4B-00C04F79EFBC}") = "PersianCore", "PersianCommon\PersianCore\PersianCore.csproj", "{88BBB14B-6079-4998-A16F-7952FBEFB9BE}"
EndProject
Project("{FAE04EC0-301F-11D3-BF4B-00C04F79EFBC}") = "PersianSettings", "PersianCommon\PersianSettings\PersianSettings.csproj", "{4D510A31-7F24-4FF0-864A-6BBF8CAFD3F9}"
EndProject
Project("{FAE04EC0-301F-11D3-BF4B-00C04F79EFBC}") = "PrimitivesLib", "PersianCommon\PrimitivesLib\PrimitivesLib.csproj", "{627CA4E4-919C-4BBC-835D-C64F1015AA4B}"
EndProject
Project("{FAE04EC0-301F-11D3-BF4B-00C04F79EFBC}") = "SharedLibrary", "PersianCommon\SharedLibrary\SharedLibrary.csproj", "{339C519E-CF11-42FC-A0A1-D9DA488CD292}"
EndProject
Project("{FAE04EC0-301F-11D3-BF4B-00C04F79EFBC}") = "SkinnedMeshRuntime", "PersianCommon\SkinnedMeshRuntime\SkinnedMeshRuntime.csproj", "{A9B13B7A-E3EE-41C0-AB6E-DD3E31288D90}"
EndProject
Project("{2150E333-8FDC-42A3-9474-1A3956D46DE8}") = "Editor", "Editor", "{F4F028CE-E418-42E4-B063-9A412E2A1A38}"
EndProject
Project("{FAE04EC0-301F-11D3-BF4B-00C04F79EFBC}") = "PersianEditor", "PersianEditor\PersianEditor\PersianEditor.csproj", "{F6F0D0C4-F03E-45B2-9E86-6A5412626181}"
EndProject
Project("{2150E333-8FDC-42A3-9474-1A3956D46DE8}") = "Parallel", "Parallel", "{F95EDB9D-8E54-4F3D-A32E-5EDA025F464B}"
EndProject
Project("{FAE04EC0-301F-11D3-BF4B-00C04F79EFBC}") = "ParallelThreading", "PersianParallel\ParallelThreading\ParallelThreading.csproj", "{6F2E1572-C055-47E3-A0D2-EEBDC35DDB25}"
EndProject
Project("{8BC9CEB8-8B4A-11D0-8D11-00A0C91BC942}") = "PersianNative", "PersianParallel\PersianNative\PersianNative.vcxproj", "{B1C97EE0-AA6B-428C-A066-7AE0171A7E1B}"
EndProject
Project("{2150E333-8FDC-42A3-9474-1A3956D46DE8}") = "Physic", "Physic", "{51F61A52-10B0-4931-902D-2432AFB120E5}"
EndProject
Project("{FAE04EC0-301F-11D3-BF4B-00C04F79EFBC}") = "JitterPhysic", "PersianPhysic\JitterPhysic\JitterPhysic.csproj", "{4CB21682-F0B0-483B-A31E-35C302CE25C1}"
EndProject
Project("{2150E333-8FDC-42A3-9474-1A3956D46DE8}") = "Content", "Content", "{F67A0964-2345-4FB7-89E5-889A94BBD40C}"
EndProject
Project("{FAE04EC0-301F-11D3-BF4B-00C04F79EFBC}") = "Content", "PersianContent\Content\Content.contentproj", "{7C6F1625-83D6-4EB4-8F68-052760AEDC53}"
EndProject
Project("{FAE04EC0-301F-11D3-BF4B-00C04F79EFBC}") = "MSBuilder", "PersianContent\MSBuilder\MSBuilder.csproj", "{679521E6-825C-4664-886C-C5ABF19DAC51}"
EndProject
Project("{FAE04EC0-301F-11D3-BF4B-00C04F79EFBC}") = "PersianPipelines", "PersianContent\PersianPipelines\PersianPipelines.csproj", "{AAD0C899-5C06-458F-8392-9E364D399E0C}"
EndProject
Project("{2150E333-8FDC-42A3-9474-1A3956D46DE8}") = "Base", "Base", "{9437FA39-2107-4E14-9CA0-606A795CF177}"
EndProject
Project("{2150E333-8FDC-42A3-9474-1A3956D46DE8}") = "Core", "Core", "{D03A386F-106C-4AE3-BFCF-5FC45713A8FE}"
EndProject
Global
	GlobalSection(TeamFoundationVersionControl) = preSolution
		SccNumberOfProjects = 19
		SccEnterpriseProvider = {4CA58AB2-18FA-4F8D-95D4-32DDF27D184C}
		SccTeamFoundationServer = http://178.131.63.8:8080/tfs/persianengine
		SccLocalPath0 = .
		SccProjectUniqueName1 = PersianCommon\\Debugger\\Debugger.csproj
		SccProjectTopLevelParentUniqueName1 = BlackKitten.sln
		SccProjectName1 = PersianCommon/Debugger
		SccLocalPath1 = PersianCommon\\Debugger
		SccProjectUniqueName2 = PersianCommon\\KinectLibrary\\KinectLibrary.csproj
		SccProjectTopLevelParentUniqueName2 = BlackKitten.sln
		SccProjectName2 = PersianCommon/KinectLibrary
		SccLocalPath2 = PersianCommon\\KinectLibrary
		SccProjectUniqueName3 = PersianCommon\\PersianBase\\PersianBase.csproj
		SccProjectTopLevelParentUniqueName3 = BlackKitten.sln
		SccProjectName3 = PersianCommon/PersianBase
		SccLocalPath3 = PersianCommon\\PersianBase
		SccProjectUniqueName4 = PersianCommon\\PersianCore\\PersianCore.csproj
		SccProjectTopLevelParentUniqueName4 = BlackKitten.sln
		SccProjectName4 = PersianCommon/PersianCore
		SccLocalPath4 = PersianCommon\\PersianCore
		SccProjectUniqueName5 = PersianCommon\\PersianSettings\\PersianSettings.csproj
		SccProjectTopLevelParentUniqueName5 = BlackKitten.sln
		SccProjectName5 = PersianCommon/PersianSettings
		SccLocalPath5 = PersianCommon\\PersianSettings
		SccProjectUniqueName6 = PersianCommon\\PrimitivesLib\\PrimitivesLib.csproj
		SccProjectTopLevelParentUniqueName6 = BlackKitten.sln
		SccProjectName6 = PersianCommon/PrimitivesLib
		SccLocalPath6 = PersianCommon\\PrimitivesLib
		SccProjectUniqueName7 = PersianCommon\\SharedLibrary\\SharedLibrary.csproj
		SccProjectTopLevelParentUniqueName7 = BlackKitten.sln
		SccProjectName7 = PersianCommon/SharedLibrary
		SccLocalPath7 = PersianCommon\\SharedLibrary
		SccProjectUniqueName8 = PersianCommon\\SkinnedMeshRuntime\\SkinnedMeshRuntime.csproj
		SccProjectTopLevelParentUniqueName8 = BlackKitten.sln
		SccProjectName8 = PersianCommon/SkinnedMeshRuntime
		SccLocalPath8 = PersianCommon\\SkinnedMeshRuntime
		SccProjectUniqueName9 = PersianEditor\\PersianEditor\\PersianEditor.csproj
		SccProjectTopLevelParentUniqueName9 = BlackKitten.sln
		SccProjectName9 = PersianEditor/PersianEditor
		SccLocalPath9 = PersianEditor\\PersianEditor
		SccProjectUniqueName10 = PersianEngine\\PersianEngine\\PersianEngine.csproj
		SccProjectTopLevelParentUniqueName10 = BlackKitten.sln
		SccProjectName10 = PersianEngine/PersianEngine
		SccLocalPath10 = PersianEngine\\PersianEngine
		SccProjectUniqueName11 = PersianParallel\\ParallelThreading\\ParallelThreading.csproj
		SccProjectTopLevelParentUniqueName11 = BlackKitten.sln
		SccProjectName11 = PersianParallel/ParallelThreading
		SccLocalPath11 = PersianParallel\\ParallelThreading
		SccProjectUniqueName12 = PersianParallel\\PersianNative\\PersianNative.vcxproj
		SccProjectTopLevelParentUniqueName12 = BlackKitten.sln
		SccProjectName12 = PersianParallel/PersianNative
		SccLocalPath12 = PersianParallel\\PersianNative
		SccProjectUniqueName13 = PersianPhysic\\JitterPhysic\\JitterPhysic.csproj
		SccProjectTopLevelParentUniqueName13 = BlackKitten.sln
		SccProjectName13 = PersianPhysic/JitterPhysic
		SccLocalPath13 = PersianPhysic\\JitterPhysic
		SccProjectUniqueName14 = PersianContent\\Content\\Content.contentproj
		SccProjectTopLevelParentUniqueName14 = BlackKitten.sln
		SccProjectName14 = PersianContent/Content
		SccLocalPath14 = PersianContent\\Content
		SccProjectUniqueName15 = PersianContent\\MSBuilder\\MSBuilder.csproj
		SccProjectTopLevelParentUniqueName15 = BlackKitten.sln
		SccProjectName15 = PersianContent/MSBuilder
		SccLocalPath15 = PersianContent\\MSBuilder
		SccProjectUniqueName16 = PersianContent\\PersianPipelines\\PersianPipelines.csproj
		SccProjectTopLevelParentUniqueName16 = BlackKitten.sln
		SccProjectName16 = PersianContent/PersianPipelines
		SccLocalPath16 = PersianContent\\PersianPipelines
		SccProjectUniqueName17 = PersianCommon\\PersianCore\\SilverCore.csproj
		SccProjectTopLevelParentUniqueName17 = BlackKitten.sln
		SccProjectName17 = PersianCommon/PersianCore
		SccLocalPath17 = PersianCommon\\PersianCore
		SccProjectUniqueName18 = PersianCommon\\PersianBase\\SilverBase.csproj
		SccProjectTopLevelParentUniqueName18 = BlackKitten.sln
		SccProjectName18 = PersianCommon/PersianBase
		SccLocalPath18 = PersianCommon\\PersianBase
	EndGlobalSection
	GlobalSection(SolutionConfigurationPlatforms) = preSolution
		Debug|Any CPU = Debug|Any CPU
		Debug|Mixed Platforms = Debug|Mixed Platforms
		Debug|Win32 = Debug|Win32
		Debug|x86 = Debug|x86
		Release|Any CPU = Release|Any CPU
		Release|Mixed Platforms = Release|Mixed Platforms
		Release|Win32 = Release|Win32
		Release|x86 = Release|x86
	EndGlobalSection
	GlobalSection(ProjectConfigurationPlatforms) = postSolution
		{33431DE8-9E53-4102-9CAC-6741FFA8AF89}.Debug|Any CPU.ActiveCfg = Debug|x86
		{33431DE8-9E53-4102-9CAC-6741FFA8AF89}.Debug|Mixed Platforms.ActiveCfg = Debug|x86
		{33431DE8-9E53-4102-9CAC-6741FFA8AF89}.Debug|Mixed Platforms.Build.0 = Debug|x86
		{33431DE8-9E53-4102-9CAC-6741FFA8AF89}.Debug|Win32.ActiveCfg = Debug|x86
		{33431DE8-9E53-4102-9CAC-6741FFA8AF89}.Debug|Win32.Build.0 = Debug|x86
		{33431DE8-9E53-4102-9CAC-6741FFA8AF89}.Debug|x86.ActiveCfg = Debug|x86
		{33431DE8-9E53-4102-9CAC-6741FFA8AF89}.Debug|x86.Build.0 = Debug|x86
		{33431DE8-9E53-4102-9CAC-6741FFA8AF89}.Release|Any CPU.ActiveCfg = Release|x86
		{33431DE8-9E53-4102-9CAC-6741FFA8AF89}.Release|Mixed Platforms.ActiveCfg = Release|x86
		{33431DE8-9E53-4102-9CAC-6741FFA8AF89}.Release|Mixed Platforms.Build.0 = Release|x86
		{33431DE8-9E53-4102-9CAC-6741FFA8AF89}.Release|Win32.ActiveCfg = Release|x86
		{33431DE8-9E53-4102-9CAC-6741FFA8AF89}.Release|Win32.Build.0 = Release|x86
		{33431DE8-9E53-4102-9CAC-6741FFA8AF89}.Release|x86.ActiveCfg = Release|x86
		{33431DE8-9E53-4102-9CAC-6741FFA8AF89}.Release|x86.Build.0 = Release|x86
		{69478486-49F5-4AE2-9727-8202CD517F36}.Debug|Any CPU.ActiveCfg = Debug|x86
		{69478486-49F5-4AE2-9727-8202CD517F36}.Debug|Mixed Platforms.ActiveCfg = Debug|x86
		{69478486-49F5-4AE2-9727-8202CD517F36}.Debug|Mixed Platforms.Build.0 = Debug|x86
		{69478486-49F5-4AE2-9727-8202CD517F36}.Debug|Win32.ActiveCfg = Debug|x86
		{69478486-49F5-4AE2-9727-8202CD517F36}.Debug|Win32.Build.0 = Debug|x86
		{69478486-49F5-4AE2-9727-8202CD517F36}.Debug|x86.ActiveCfg = Debug|x86
		{69478486-49F5-4AE2-9727-8202CD517F36}.Debug|x86.Build.0 = Debug|x86
		{69478486-49F5-4AE2-9727-8202CD517F36}.Release|Any CPU.ActiveCfg = Release|x86
		{69478486-49F5-4AE2-9727-8202CD517F36}.Release|Mixed Platforms.ActiveCfg = Release|x86
		{69478486-49F5-4AE2-9727-8202CD517F36}.Release|Mixed Platforms.Build.0 = Release|x86
		{69478486-49F5-4AE2-9727-8202CD517F36}.Release|Win32.ActiveCfg = Release|x86
		{69478486-49F5-4AE2-9727-8202CD517F36}.Release|Win32.Build.0 = Release|x86
		{69478486-49F5-4AE2-9727-8202CD517F36}.Release|x86.ActiveCfg = Release|x86
		{69478486-49F5-4AE2-9727-8202CD517F36}.Release|x86.Build.0 = Release|x86
		{4DAC0A34-684C-4EAC-9083-55BAB8CED715}.Debug|Any CPU.ActiveCfg = Debug|x86
		{4DAC0A34-684C-4EAC-9083-55BAB8CED715}.Debug|Mixed Platforms.ActiveCfg = Debug|x86
		{4DAC0A34-684C-4EAC-9083-55BAB8CED715}.Debug|Mixed Platforms.Build.0 = Debug|x86
		{4DAC0A34-684C-4EAC-9083-55BAB8CED715}.Debug|Win32.ActiveCfg = Debug|x86
		{4DAC0A34-684C-4EAC-9083-55BAB8CED715}.Debug|Win32.Build.0 = Debug|x86
		{4DAC0A34-684C-4EAC-9083-55BAB8CED715}.Debug|x86.ActiveCfg = Debug|x86
		{4DAC0A34-684C-4EAC-9083-55BAB8CED715}.Debug|x86.Build.0 = Debug|x86
		{4DAC0A34-684C-4EAC-9083-55BAB8CED715}.Release|Any CPU.ActiveCfg = Release|x86
		{4DAC0A34-684C-4EAC-9083-55BAB8CED715}.Release|Mixed Platforms.ActiveCfg = Release|x86
		{4DAC0A34-684C-4EAC-9083-55BAB8CED715}.Release|Mixed Platforms.Build.0 = Release|x86
		{4DAC0A34-684C-4EAC-9083-55BAB8CED715}.Release|Win32.ActiveCfg = Release|x86
		{4DAC0A34-684C-4EAC-9083-55BAB8CED715}.Release|Win32.Build.0 = Release|x86
		{4DAC0A34-684C-4EAC-9083-55BAB8CED715}.Release|x86.ActiveCfg = Release|x86
		{4DAC0A34-684C-4EAC-9083-55BAB8CED715}.Release|x86.Build.0 = Release|x86
		{88BBB14B-6079-4998-A16F-7952FBEFB9BE}.Debug|Any CPU.ActiveCfg = Debug|x86
		{88BBB14B-6079-4998-A16F-7952FBEFB9BE}.Debug|Mixed Platforms.ActiveCfg = Debug|x86
		{88BBB14B-6079-4998-A16F-7952FBEFB9BE}.Debug|Mixed Platforms.Build.0 = Debug|x86
		{88BBB14B-6079-4998-A16F-7952FBEFB9BE}.Debug|Win32.ActiveCfg = Debug|x86
		{88BBB14B-6079-4998-A16F-7952FBEFB9BE}.Debug|Win32.Build.0 = Debug|x86
		{88BBB14B-6079-4998-A16F-7952FBEFB9BE}.Debug|x86.ActiveCfg = Debug|x86
		{88BBB14B-6079-4998-A16F-7952FBEFB9BE}.Debug|x86.Build.0 = Debug|x86
		{88BBB14B-6079-4998-A16F-7952FBEFB9BE}.Release|Any CPU.ActiveCfg = Release|x86
		{88BBB14B-6079-4998-A16F-7952FBEFB9BE}.Release|Mixed Platforms.ActiveCfg = Release|x86
		{88BBB14B-6079-4998-A16F-7952FBEFB9BE}.Release|Mixed Platforms.Build.0 = Release|x86
		{88BBB14B-6079-4998-A16F-7952FBEFB9BE}.Release|Win32.ActiveCfg = Release|x86
		{88BBB14B-6079-4998-A16F-7952FBEFB9BE}.Release|Win32.Build.0 = Release|x86
		{88BBB14B-6079-4998-A16F-7952FBEFB9BE}.Release|x86.ActiveCfg = Release|x86
		{88BBB14B-6079-4998-A16F-7952FBEFB9BE}.Release|x86.Build.0 = Release|x86
		{4D510A31-7F24-4FF0-864A-6BBF8CAFD3F9}.Debug|Any CPU.ActiveCfg = Debug|Any CPU
		{4D510A31-7F24-4FF0-864A-6BBF8CAFD3F9}.Debug|Any CPU.Build.0 = Debug|Any CPU
		{4D510A31-7F24-4FF0-864A-6BBF8CAFD3F9}.Debug|Mixed Platforms.ActiveCfg = Debug|Any CPU
		{4D510A31-7F24-4FF0-864A-6BBF8CAFD3F9}.Debug|Mixed Platforms.Build.0 = Debug|Any CPU
		{4D510A31-7F24-4FF0-864A-6BBF8CAFD3F9}.Debug|Win32.ActiveCfg = Debug|Any CPU
		{4D510A31-7F24-4FF0-864A-6BBF8CAFD3F9}.Debug|x86.ActiveCfg = Debug|Any CPU
		{4D510A31-7F24-4FF0-864A-6BBF8CAFD3F9}.Release|Any CPU.ActiveCfg = Release|Any CPU
		{4D510A31-7F24-4FF0-864A-6BBF8CAFD3F9}.Release|Any CPU.Build.0 = Release|Any CPU
		{4D510A31-7F24-4FF0-864A-6BBF8CAFD3F9}.Release|Mixed Platforms.ActiveCfg = Release|Any CPU
		{4D510A31-7F24-4FF0-864A-6BBF8CAFD3F9}.Release|Mixed Platforms.Build.0 = Release|Any CPU
		{4D510A31-7F24-4FF0-864A-6BBF8CAFD3F9}.Release|Win32.ActiveCfg = Release|Any CPU
		{4D510A31-7F24-4FF0-864A-6BBF8CAFD3F9}.Release|x86.ActiveCfg = Release|Any CPU
		{627CA4E4-919C-4BBC-835D-C64F1015AA4B}.Debug|Any CPU.ActiveCfg = Debug|x86
		{627CA4E4-919C-4BBC-835D-C64F1015AA4B}.Debug|Mixed Platforms.ActiveCfg = Debug|x86
		{627CA4E4-919C-4BBC-835D-C64F1015AA4B}.Debug|Mixed Platforms.Build.0 = Debug|x86
		{627CA4E4-919C-4BBC-835D-C64F1015AA4B}.Debug|Win32.ActiveCfg = Debug|x86
		{627CA4E4-919C-4BBC-835D-C64F1015AA4B}.Debug|Win32.Build.0 = Debug|x86
		{627CA4E4-919C-4BBC-835D-C64F1015AA4B}.Debug|x86.ActiveCfg = Debug|x86
		{627CA4E4-919C-4BBC-835D-C64F1015AA4B}.Debug|x86.Build.0 = Debug|x86
		{627CA4E4-919C-4BBC-835D-C64F1015AA4B}.Release|Any CPU.ActiveCfg = Release|x86
		{627CA4E4-919C-4BBC-835D-C64F1015AA4B}.Release|Mixed Platforms.ActiveCfg = Release|x86
		{627CA4E4-919C-4BBC-835D-C64F1015AA4B}.Release|Mixed Platforms.Build.0 = Release|x86
		{627CA4E4-919C-4BBC-835D-C64F1015AA4B}.Release|Win32.ActiveCfg = Release|x86
		{627CA4E4-919C-4BBC-835D-C64F1015AA4B}.Release|Win32.Build.0 = Release|x86
		{627CA4E4-919C-4BBC-835D-C64F1015AA4B}.Release|x86.ActiveCfg = Release|x86
		{627CA4E4-919C-4BBC-835D-C64F1015AA4B}.Release|x86.Build.0 = Release|x86
		{339C519E-CF11-42FC-A0A1-D9DA488CD292}.Debug|Any CPU.ActiveCfg = Debug|Any CPU
		{339C519E-CF11-42FC-A0A1-D9DA488CD292}.Debug|Any CPU.Build.0 = Debug|Any CPU
		{339C519E-CF11-42FC-A0A1-D9DA488CD292}.Debug|Mixed Platforms.ActiveCfg = Debug|Any CPU
		{339C519E-CF11-42FC-A0A1-D9DA488CD292}.Debug|Mixed Platforms.Build.0 = Debug|Any CPU
		{339C519E-CF11-42FC-A0A1-D9DA488CD292}.Debug|Win32.ActiveCfg = Debug|Any CPU
		{339C519E-CF11-42FC-A0A1-D9DA488CD292}.Debug|x86.ActiveCfg = Debug|Any CPU
		{339C519E-CF11-42FC-A0A1-D9DA488CD292}.Release|Any CPU.ActiveCfg = Release|Any CPU
		{339C519E-CF11-42FC-A0A1-D9DA488CD292}.Release|Any CPU.Build.0 = Release|Any CPU
		{339C519E-CF11-42FC-A0A1-D9DA488CD292}.Release|Mixed Platforms.ActiveCfg = Release|Any CPU
		{339C519E-CF11-42FC-A0A1-D9DA488CD292}.Release|Mixed Platforms.Build.0 = Release|Any CPU
		{339C519E-CF11-42FC-A0A1-D9DA488CD292}.Release|Win32.ActiveCfg = Release|Any CPU
		{339C519E-CF11-42FC-A0A1-D9DA488CD292}.Release|x86.ActiveCfg = Release|Any CPU
		{A9B13B7A-E3EE-41C0-AB6E-DD3E31288D90}.Debug|Any CPU.ActiveCfg = Debug|x86
		{A9B13B7A-E3EE-41C0-AB6E-DD3E31288D90}.Debug|Mixed Platforms.ActiveCfg = Debug|x86
		{A9B13B7A-E3EE-41C0-AB6E-DD3E31288D90}.Debug|Mixed Platforms.Build.0 = Debug|x86
		{A9B13B7A-E3EE-41C0-AB6E-DD3E31288D90}.Debug|Win32.ActiveCfg = Debug|x86
		{A9B13B7A-E3EE-41C0-AB6E-DD3E31288D90}.Debug|Win32.Build.0 = Debug|x86
		{A9B13B7A-E3EE-41C0-AB6E-DD3E31288D90}.Debug|x86.ActiveCfg = Debug|x86
		{A9B13B7A-E3EE-41C0-AB6E-DD3E31288D90}.Debug|x86.Build.0 = Debug|x86
		{A9B13B7A-E3EE-41C0-AB6E-DD3E31288D90}.Release|Any CPU.ActiveCfg = Release|x86
		{A9B13B7A-E3EE-41C0-AB6E-DD3E31288D90}.Release|Mixed Platforms.ActiveCfg = Release|x86
		{A9B13B7A-E3EE-41C0-AB6E-DD3E31288D90}.Release|Mixed Platforms.Build.0 = Release|x86
		{A9B13B7A-E3EE-41C0-AB6E-DD3E31288D90}.Release|Win32.ActiveCfg = Release|x86
		{A9B13B7A-E3EE-41C0-AB6E-DD3E31288D90}.Release|Win32.Build.0 = Release|x86
		{A9B13B7A-E3EE-41C0-AB6E-DD3E31288D90}.Release|x86.ActiveCfg = Release|x86
		{A9B13B7A-E3EE-41C0-AB6E-DD3E31288D90}.Release|x86.Build.0 = Release|x86
		{F6F0D0C4-F03E-45B2-9E86-6A5412626181}.Debug|Any CPU.ActiveCfg = Debug|x86
		{F6F0D0C4-F03E-45B2-9E86-6A5412626181}.Debug|Mixed Platforms.ActiveCfg = Debug|x86
		{F6F0D0C4-F03E-45B2-9E86-6A5412626181}.Debug|Mixed Platforms.Build.0 = Debug|x86
		{F6F0D0C4-F03E-45B2-9E86-6A5412626181}.Debug|Win32.ActiveCfg = Debug|x86
		{F6F0D0C4-F03E-45B2-9E86-6A5412626181}.Debug|Win32.Build.0 = Debug|x86
		{F6F0D0C4-F03E-45B2-9E86-6A5412626181}.Debug|x86.ActiveCfg = Debug|x86
		{F6F0D0C4-F03E-45B2-9E86-6A5412626181}.Debug|x86.Build.0 = Debug|x86
		{F6F0D0C4-F03E-45B2-9E86-6A5412626181}.Release|Any CPU.ActiveCfg = Release|x86
		{F6F0D0C4-F03E-45B2-9E86-6A5412626181}.Release|Mixed Platforms.ActiveCfg = Release|x86
		{F6F0D0C4-F03E-45B2-9E86-6A5412626181}.Release|Mixed Platforms.Build.0 = Release|x86
		{F6F0D0C4-F03E-45B2-9E86-6A5412626181}.Release|Win32.ActiveCfg = Release|x86
		{F6F0D0C4-F03E-45B2-9E86-6A5412626181}.Release|Win32.Build.0 = Release|x86
		{F6F0D0C4-F03E-45B2-9E86-6A5412626181}.Release|x86.ActiveCfg = Release|x86
		{F6F0D0C4-F03E-45B2-9E86-6A5412626181}.Release|x86.Build.0 = Release|x86
		{6F2E1572-C055-47E3-A0D2-EEBDC35DDB25}.Debug|Any CPU.ActiveCfg = Debug|x86
		{6F2E1572-C055-47E3-A0D2-EEBDC35DDB25}.Debug|Mixed Platforms.ActiveCfg = Debug|x86
		{6F2E1572-C055-47E3-A0D2-EEBDC35DDB25}.Debug|Mixed Platforms.Build.0 = Debug|x86
		{6F2E1572-C055-47E3-A0D2-EEBDC35DDB25}.Debug|Win32.ActiveCfg = Debug|x86
		{6F2E1572-C055-47E3-A0D2-EEBDC35DDB25}.Debug|Win32.Build.0 = Debug|x86
		{6F2E1572-C055-47E3-A0D2-EEBDC35DDB25}.Debug|x86.ActiveCfg = Debug|x86
		{6F2E1572-C055-47E3-A0D2-EEBDC35DDB25}.Debug|x86.Build.0 = Debug|x86
		{6F2E1572-C055-47E3-A0D2-EEBDC35DDB25}.Release|Any CPU.ActiveCfg = Release|x86
		{6F2E1572-C055-47E3-A0D2-EEBDC35DDB25}.Release|Mixed Platforms.ActiveCfg = Release|x86
		{6F2E1572-C055-47E3-A0D2-EEBDC35DDB25}.Release|Mixed Platforms.Build.0 = Release|x86
		{6F2E1572-C055-47E3-A0D2-EEBDC35DDB25}.Release|Win32.ActiveCfg = Release|x86
		{6F2E1572-C055-47E3-A0D2-EEBDC35DDB25}.Release|Win32.Build.0 = Release|x86
		{6F2E1572-C055-47E3-A0D2-EEBDC35DDB25}.Release|x86.ActiveCfg = Release|x86
		{6F2E1572-C055-47E3-A0D2-EEBDC35DDB25}.Release|x86.Build.0 = Release|x86
		{B1C97EE0-AA6B-428C-A066-7AE0171A7E1B}.Debug|Any CPU.ActiveCfg = Debug|Win32
		{B1C97EE0-AA6B-428C-A066-7AE0171A7E1B}.Debug|Mixed Platforms.ActiveCfg = Debug|Win32
		{B1C97EE0-AA6B-428C-A066-7AE0171A7E1B}.Debug|Mixed Platforms.Build.0 = Debug|Win32
		{B1C97EE0-AA6B-428C-A066-7AE0171A7E1B}.Debug|Win32.ActiveCfg = Debug|Win32
		{B1C97EE0-AA6B-428C-A066-7AE0171A7E1B}.Debug|Win32.Build.0 = Debug|Win32
		{B1C97EE0-AA6B-428C-A066-7AE0171A7E1B}.Debug|x86.ActiveCfg = Debug|Win32
		{B1C97EE0-AA6B-428C-A066-7AE0171A7E1B}.Debug|x86.Build.0 = Debug|Win32
		{B1C97EE0-AA6B-428C-A066-7AE0171A7E1B}.Release|Any CPU.ActiveCfg = Release|Win32
		{B1C97EE0-AA6B-428C-A066-7AE0171A7E1B}.Release|Mixed Platforms.ActiveCfg = Release|Win32
		{B1C97EE0-AA6B-428C-A066-7AE0171A7E1B}.Release|Mixed Platforms.Build.0 = Release|Win32
		{B1C97EE0-AA6B-428C-A066-7AE0171A7E1B}.Release|Win32.ActiveCfg = Release|Win32
		{B1C97EE0-AA6B-428C-A066-7AE0171A7E1B}.Release|Win32.Build.0 = Release|Win32
		{B1C97EE0-AA6B-428C-A066-7AE0171A7E1B}.Release|x86.ActiveCfg = Release|Win32
		{B1C97EE0-AA6B-428C-A066-7AE0171A7E1B}.Release|x86.Build.0 = Release|Win32
		{4CB21682-F0B0-483B-A31E-35C302CE25C1}.Debug|Any CPU.ActiveCfg = Debug|Any CPU
		{4CB21682-F0B0-483B-A31E-35C302CE25C1}.Debug|Any CPU.Build.0 = Debug|Any CPU
		{4CB21682-F0B0-483B-A31E-35C302CE25C1}.Debug|Mixed Platforms.ActiveCfg = Debug|Any CPU
		{4CB21682-F0B0-483B-A31E-35C302CE25C1}.Debug|Mixed Platforms.Build.0 = Debug|Any CPU
		{4CB21682-F0B0-483B-A31E-35C302CE25C1}.Debug|Win32.ActiveCfg = Debug|Any CPU
		{4CB21682-F0B0-483B-A31E-35C302CE25C1}.Debug|x86.ActiveCfg = Debug|Any CPU
		{4CB21682-F0B0-483B-A31E-35C302CE25C1}.Release|Any CPU.ActiveCfg = Release|Any CPU
		{4CB21682-F0B0-483B-A31E-35C302CE25C1}.Release|Any CPU.Build.0 = Release|Any CPU
		{4CB21682-F0B0-483B-A31E-35C302CE25C1}.Release|Mixed Platforms.ActiveCfg = Release|Any CPU
		{4CB21682-F0B0-483B-A31E-35C302CE25C1}.Release|Mixed Platforms.Build.0 = Release|Any CPU
		{4CB21682-F0B0-483B-A31E-35C302CE25C1}.Release|Win32.ActiveCfg = Release|Any CPU
		{4CB21682-F0B0-483B-A31E-35C302CE25C1}.Release|x86.ActiveCfg = Release|Any CPU
		{7C6F1625-83D6-4EB4-8F68-052760AEDC53}.Debug|Any CPU.ActiveCfg = Debug|x86
		{7C6F1625-83D6-4EB4-8F68-052760AEDC53}.Debug|Mixed Platforms.ActiveCfg = Debug|x86
		{7C6F1625-83D6-4EB4-8F68-052760AEDC53}.Debug|Win32.ActiveCfg = Debug|x86
		{7C6F1625-83D6-4EB4-8F68-052760AEDC53}.Debug|x86.ActiveCfg = Debug|x86
		{7C6F1625-83D6-4EB4-8F68-052760AEDC53}.Release|Any CPU.ActiveCfg = Release|x86
		{7C6F1625-83D6-4EB4-8F68-052760AEDC53}.Release|Mixed Platforms.ActiveCfg = Release|x86
		{7C6F1625-83D6-4EB4-8F68-052760AEDC53}.Release|Win32.ActiveCfg = Release|x86
		{7C6F1625-83D6-4EB4-8F68-052760AEDC53}.Release|x86.ActiveCfg = Release|x86
		{679521E6-825C-4664-886C-C5ABF19DAC51}.Debug|Any CPU.ActiveCfg = Debug|Any CPU
		{679521E6-825C-4664-886C-C5ABF19DAC51}.Debug|Any CPU.Build.0 = Debug|Any CPU
		{679521E6-825C-4664-886C-C5ABF19DAC51}.Debug|Mixed Platforms.ActiveCfg = Debug|Any CPU
		{679521E6-825C-4664-886C-C5ABF19DAC51}.Debug|Mixed Platforms.Build.0 = Debug|Any CPU
		{679521E6-825C-4664-886C-C5ABF19DAC51}.Debug|Win32.ActiveCfg = Debug|Any CPU
		{679521E6-825C-4664-886C-C5ABF19DAC51}.Debug|x86.ActiveCfg = Debug|Any CPU
		{679521E6-825C-4664-886C-C5ABF19DAC51}.Release|Any CPU.ActiveCfg = Release|Any CPU
		{679521E6-825C-4664-886C-C5ABF19DAC51}.Release|Any CPU.Build.0 = Release|Any CPU
		{679521E6-825C-4664-886C-C5ABF19DAC51}.Release|Mixed Platforms.ActiveCfg = Release|Any CPU
		{679521E6-825C-4664-886C-C5ABF19DAC51}.Release|Mixed Platforms.Build.0 = Release|Any CPU
		{679521E6-825C-4664-886C-C5ABF19DAC51}.Release|Win32.ActiveCfg = Release|Any CPU
		{679521E6-825C-4664-886C-C5ABF19DAC51}.Release|x86.ActiveCfg = Release|Any CPU
		{AAD0C899-5C06-458F-8392-9E364D399E0C}.Debug|Any CPU.ActiveCfg = Debug|x86
		{AAD0C899-5C06-458F-8392-9E364D399E0C}.Debug|Any CPU.Build.0 = Debug|x86
		{AAD0C899-5C06-458F-8392-9E364D399E0C}.Debug|Mixed Platforms.ActiveCfg = Debug|x86
		{AAD0C899-5C06-458F-8392-9E364D399E0C}.Debug|Mixed Platforms.Build.0 = Debug|x86
		{AAD0C899-5C06-458F-8392-9E364D399E0C}.Debug|Win32.ActiveCfg = Debug|x86
		{AAD0C899-5C06-458F-8392-9E364D399E0C}.Debug|Win32.Build.0 = Debug|x86
		{AAD0C899-5C06-458F-8392-9E364D399E0C}.Debug|x86.ActiveCfg = Debug|x86
		{AAD0C899-5C06-458F-8392-9E364D399E0C}.Debug|x86.Build.0 = Debug|x86
		{AAD0C899-5C06-458F-8392-9E364D399E0C}.Release|Any CPU.ActiveCfg = Debug|x86
		{AAD0C899-5C06-458F-8392-9E364D399E0C}.Release|Any CPU.Build.0 = Debug|x86
		{AAD0C899-5C06-458F-8392-9E364D399E0C}.Release|Mixed Platforms.ActiveCfg = Debug|x86
		{AAD0C899-5C06-458F-8392-9E364D399E0C}.Release|Mixed Platforms.Build.0 = Debug|x86
		{AAD0C899-5C06-458F-8392-9E364D399E0C}.Release|Win32.ActiveCfg = Debug|x86
		{AAD0C899-5C06-458F-8392-9E364D399E0C}.Release|Win32.Build.0 = Debug|x86
		{AAD0C899-5C06-458F-8392-9E364D399E0C}.Release|x86.ActiveCfg = Debug|x86
		{AAD0C899-5C06-458F-8392-9E364D399E0C}.Release|x86.Build.0 = Debug|x86
	EndGlobalSection
	GlobalSection(SolutionProperties) = preSolution
		HideSolutionNode = FALSE
	EndGlobalSection
	GlobalSection(NestedProjects) = preSolution
		{33431DE8-9E53-4102-9CAC-6741FFA8AF89} = {17310B17-E934-4828-9C8E-023887308694}
		{69478486-49F5-4AE2-9727-8202CD517F36} = {17310B17-E934-4828-9C8E-023887308694}
		{4DAC0A34-684C-4EAC-9083-55BAB8CED715} = {9437FA39-2107-4E14-9CA0-606A795CF177}
		{88BBB14B-6079-4998-A16F-7952FBEFB9BE} = {D03A386F-106C-4AE3-BFCF-5FC45713A8FE}
		{4D510A31-7F24-4FF0-864A-6BBF8CAFD3F9} = {17310B17-E934-4828-9C8E-023887308694}
		{627CA4E4-919C-4BBC-835D-C64F1015AA4B} = {17310B17-E934-4828-9C8E-023887308694}
		{339C519E-CF11-42FC-A0A1-D9DA488CD292} = {17310B17-E934-4828-9C8E-023887308694}
		{A9B13B7A-E3EE-41C0-AB6E-DD3E31288D90} = {17310B17-E934-4828-9C8E-023887308694}
		{F6F0D0C4-F03E-45B2-9E86-6A5412626181} = {F4F028CE-E418-42E4-B063-9A412E2A1A38}
		{6F2E1572-C055-47E3-A0D2-EEBDC35DDB25} = {F95EDB9D-8E54-4F3D-A32E-5EDA025F464B}
		{B1C97EE0-AA6B-428C-A066-7AE0171A7E1B} = {F95EDB9D-8E54-4F3D-A32E-5EDA025F464B}
		{4CB21682-F0B0-483B-A31E-35C302CE25C1} = {51F61A52-10B0-4931-902D-2432AFB120E5}
		{7C6F1625-83D6-4EB4-8F68-052760AEDC53} = {F67A0964-2345-4FB7-89E5-889A94BBD40C}
		{679521E6-825C-4664-886C-C5ABF19DAC51} = {F67A0964-2345-4FB7-89E5-889A94BBD40C}
		{AAD0C899-5C06-458F-8392-9E364D399E0C} = {F67A0964-2345-4FB7-89E5-889A94BBD40C}
		{9437FA39-2107-4E14-9CA0-606A795CF177} = {17310B17-E934-4828-9C8E-023887308694}
		{D03A386F-106C-4AE3-BFCF-5FC45713A8FE} = {17310B17-E934-4828-9C8E-023887308694}
	EndGlobalSection
EndGlobal
